{
    "_meta": {
        "hash": {
            "sha256": "afbd4d3a5745797e2cdb087a0241c5376158d759d37494928ce189616e8eaf91"
        },
        "pipfile-spec": 6,
        "requires": {
            "python_version": "3.10"
        },
        "sources": [
            {
                "name": "pypi",
                "url": "https://pypi.org/simple",
                "verify_ssl": true
            }
        ]
    },
    "default": {
        "anyio": {
            "hashes": [
                "sha256:413adf95f93886e442aea925f3ee43baa5a765a64a0f52c6081894f9992fdd0b",
                "sha256:cb29b9c70620506a9a8f87a309591713446953302d7d995344d0d7c6c0c9a7be"
            ],
            "markers": "python_full_version >= '3.6.2'",
            "version": "==3.6.1"
        },
        "certifi": {
            "hashes": [
                "sha256:84c85a9078b11105f04f3036a9482ae10e4621616db313fe045dd24743a0820d",
                "sha256:fe86415d55e84719d75f8b69414f6438ac3547d2078ab91b67e779ef69378412"
            ],
            "markers": "python_version >= '3.6'",
            "version": "==2022.6.15"
        },
        "charset-normalizer": {
            "hashes": [
                "sha256:5a3d016c7c547f69d6f81fb0db9449ce888b418b5b9952cc5e6e66843e9dd845",
                "sha256:83e9a75d1911279afd89352c68b45348559d1fc0506b054b346651b5e7fee29f"
            ],
            "markers": "python_version >= '3.6'",
            "version": "==2.1.1"
        },
        "click": {
            "hashes": [
                "sha256:7682dc8afb30297001674575ea00d1814d808d6a36af415a82bd481d37ba7b8e",
                "sha256:bb4d8133cb15a609f44e8213d9b391b0809795062913b383c62be0ee95b1db48"
            ],
            "markers": "python_version >= '3.7'",
            "version": "==8.1.3"
        },
        "colorama": {
            "hashes": [
                "sha256:854bf444933e37f5824ae7bfc1e98d5bce2ebe4160d46b5edf346a89358e99da",
                "sha256:e6c6b4334fc50988a639d9b98aa429a0b57da6e17b9a44f0451f930b6967b7a4"
            ],
            "markers": "platform_system == 'Windows'",
            "version": "==0.4.5"
        },
        "fastapi": {
            "hashes": [
                "sha256:9ac5f5d252b4b394df29accb1ed4bedf30e0e87fc6eb7ec75e1449fa040bfc17",
                "sha256:9dafdc41feda85ee5acf0f7dd6bcb7fd946318a6664b41fd33e33b26f666a346"
            ],
            "index": "pypi",
            "version": "==0.81.0"
        },
        "filelock": {
            "hashes": [
                "sha256:55447caa666f2198c5b6b13a26d2084d26fa5b115c00d065664b2124680c4edc",
                "sha256:617eb4e5eedc82fc5f47b6d61e4d11cb837c56cb4544e39081099fa17ad109d4"
            ],
            "markers": "python_version >= '3.7'",
            "version": "==3.8.0"
        },
        "h11": {
            "hashes": [
                "sha256:70813c1135087a248a4d38cc0e1a0181ffab2188141a93eaf567940c3957ff06",
                "sha256:8ddd78563b633ca55346c8cd41ec0af27d3c79931828beffb46ce70a379e7442"
            ],
            "markers": "python_version >= '3.6'",
            "version": "==0.13.0"
        },
        "huggingface-hub": {
            "hashes": [
                "sha256:6395f26aaf44bbb4a73d3e14aca228fa39534696f651c6c82a6347f8c9f5950b",
                "sha256:7a588046bdeb84e7bc99b3da58bbb4312a56d94ba51ebc60dfe610c18b3d0b9f"
            ],
            "markers": "python_version >= '3.7'",
            "version": "==0.9.1"
        },
        "idna": {
            "hashes": [
                "sha256:84d9dd047ffa80596e0f246e2eab0b391788b0503584e8945f2368256d2735ff",
                "sha256:9d643ff0a55b762d5cdb124b8eaa99c66322e2157b69160bc32796e824360e6d"
            ],
            "markers": "python_version >= '3.5'",
            "version": "==3.3"
        },
        "numpy": {
            "hashes": [
                "sha256:17e5226674f6ea79e14e3b91bfbc153fdf3ac13f5cc54ee7bc8fdbe820a32da0",
                "sha256:2bd879d3ca4b6f39b7770829f73278b7c5e248c91d538aab1e506c628353e47f",
                "sha256:4f41f5bf20d9a521f8cab3a34557cd77b6f205ab2116651f12959714494268b0",
                "sha256:5593f67e66dea4e237f5af998d31a43e447786b2154ba1ad833676c788f37cde",
                "sha256:5e28cd64624dc2354a349152599e55308eb6ca95a13ce6a7d5679ebff2962913",
                "sha256:633679a472934b1c20a12ed0c9a6c9eb167fbb4cb89031939bfd03dd9dbc62b8",
                "sha256:806970e69106556d1dd200e26647e9bee5e2b3f1814f9da104a943e8d548ca38",
                "sha256:806cc25d5c43e240db709875e947076b2826f47c2c340a5a2f36da5bb10c58d6",
                "sha256:8247f01c4721479e482cc2f9f7d973f3f47810cbc8c65e38fd1bbd3141cc9842",
                "sha256:8ebf7e194b89bc66b78475bd3624d92980fca4e5bb86dda08d677d786fefc414",
                "sha256:8ecb818231afe5f0f568c81f12ce50f2b828ff2b27487520d85eb44c71313b9e",
                "sha256:8f9d84a24889ebb4c641a9b99e54adb8cab50972f0166a3abc14c3b93163f074",
                "sha256:909c56c4d4341ec8315291a105169d8aae732cfb4c250fbc375a1efb7a844f8f",
                "sha256:9b83d48e464f393d46e8dd8171687394d39bc5abfe2978896b77dc2604e8635d",
                "sha256:ac987b35df8c2a2eab495ee206658117e9ce867acf3ccb376a19e83070e69418",
                "sha256:b78d00e48261fbbd04aa0d7427cf78d18401ee0abd89c7559bbf422e5b1c7d01",
                "sha256:b8b97a8a87cadcd3f94659b4ef6ec056261fa1e1c3317f4193ac231d4df70215",
                "sha256:bd5b7ccae24e3d8501ee5563e82febc1771e73bd268eef82a1e8d2b4d556ae66",
                "sha256:bdc02c0235b261925102b1bd586579b7158e9d0d07ecb61148a1799214a4afd5",
                "sha256:be6b350dfbc7f708d9d853663772a9310783ea58f6035eec649fb9c4371b5389",
                "sha256:c403c81bb8ffb1c993d0165a11493fd4bf1353d258f6997b3ee288b0a48fce77",
                "sha256:cf8c6aed12a935abf2e290860af8e77b26a042eb7f2582ff83dc7ed5f963340c",
                "sha256:d98addfd3c8728ee8b2c49126f3c44c703e2b005d4a95998e2167af176a9e722",
                "sha256:dc76bca1ca98f4b122114435f83f1fcf3c0fe48e4e6f660e07996abf2f53903c",
                "sha256:dec198619b7dbd6db58603cd256e092bcadef22a796f778bf87f8592b468441d",
                "sha256:df28dda02c9328e122661f399f7655cdcbcf22ea42daa3650a26bce08a187450",
                "sha256:e603ca1fb47b913942f3e660a15e55a9ebca906857edfea476ae5f0fe9b457d5",
                "sha256:ecfdd68d334a6b97472ed032b5b37a30d8217c097acfff15e8452c710e775524"
            ],
            "markers": "python_version >= '3.8'",
            "version": "==1.23.2"
        },
        "packaging": {
            "hashes": [
                "sha256:dd47c42927d89ab911e606518907cc2d3a1f38bbd026385970643f9c5b8ecfeb",
                "sha256:ef103e05f519cdc783ae24ea4e2e0f508a9c99b2d4969652eed6a2e1ea5bd522"
            ],
            "markers": "python_version >= '3.6'",
            "version": "==21.3"
        },
        "pydantic": {
            "hashes": [
                "sha256:1072eae28bf034a311764c130784e8065201a90edbca10f495c906737b3bd642",
                "sha256:14a5babda137a294df7ad5f220986d79bbb87fdeb332c6ded61ce19da7f5f3bf",
                "sha256:221166d99726238f71adc4fa9f3e94063a10787574b966f86a774559e709ac5a",
                "sha256:2b5e5e7a0ec96704099e271911a1049321ba1afda92920df0769898a7e9a1298",
                "sha256:2d7da49229ffb1049779a5a6c1c50a26da164bd053cf8ee9042197dc08a98259",
                "sha256:43d41b6f13706488e854729955ba8f740e6ec375cd16b72b81dc24b9d84f0d15",
                "sha256:444cf220a12134da1cd42fe4f45edff622139e10177ce3d8ef2b4f41db1291b2",
                "sha256:522906820cd60e63c7960ba83078bf2d2ad2dd0870bf68248039bcb1ec3eb0a4",
                "sha256:5327406f4bfd5aee784e7ad2a6a5fdd7171c19905bf34cb1994a1ba73a87c468",
                "sha256:54d6465cd2112441305faf5143a491b40de07a203116b5755a2108e36b25308d",
                "sha256:5659cb9c6b3d27fc0067025c4f5a205f5e838232a4a929b412781117c2343d44",
                "sha256:60dad97a09b6f44690c05467a4f397b62bfc2c839ac39102819d6979abc2be0d",
                "sha256:6142246fc9adb51cadaeb84fb52a86f3adad4c6a7b0938a5dd0b1356b0088217",
                "sha256:6f927bff6c319fc92e0a2cbeb2609b5c1cd562862f4b54ec905e353282b7c8b1",
                "sha256:7acb7b66ffd2bc046eaff0063df84c83fc3826722d5272adaeadf6252e17f691",
                "sha256:7e6786ed5faa559dea5a77f6d2de9a08d18130de9344533535d945f34bdcd42e",
                "sha256:8eee69eda7674977b079a21e7bf825b59d8bf15145300e8034ed3eb239ac444f",
                "sha256:90e02f61b7354ed330f294a437d0bffac9e21a5d46cb4cc3c89d220e497db7ac",
                "sha256:96ab6ce1346d14c6e581a69c333bdd1b492df9cf85ad31ad77a8aa42180b7e09",
                "sha256:9a93be313e40f12c6f2cb84533b226bbe23d0774872e38d83415e6890215e3a6",
                "sha256:a90e85d95fd968cd7cae122e0d3e0e1f6613bc88c1ff3fe838ac9785ea4b1c4c",
                "sha256:ad2374b5b3b771dcc6e2f6e0d56632ab63b90e9808b7a73ad865397fcdb4b2cd",
                "sha256:ae43704358304da45c1c3dd7056f173c618b252f91594bcb6d6f6b4c6c284dee",
                "sha256:c7bf8ff1d18186eb0cbe42bd9bfb4cbf7fde1fd01b8608925458990c21f202f0",
                "sha256:c8d70fb91b03c32d2e857b071a22a5225e6b625ca82bd2cc8dd729d88e0bd200",
                "sha256:cc5ffe7bd0b4778fa5b7a5f825c52d6cfea3ae2d9b52b05b9b1d97e36dee23a8",
                "sha256:ce901335667a68dfbc10dd2ee6c0d676b89210d754441c2469fbc37baf7ee2ed",
                "sha256:d41bb80347a8a2d51fbd6f1748b42aca14541315878447ba159617544712f770",
                "sha256:d545c89d88bdd5559db17aeb5a61a26799903e4bd76114779b3bf1456690f6ce",
                "sha256:d55aeb01bb7bd7c7e1bd904668a4a2ffcbb1c248e7ae9eb40a272fd7e67dd98b",
                "sha256:d6f5bcb59d33ec46621dae76e714c53035087666cac80c81c9047a84f3ff93d0",
                "sha256:dbfbff83565b4514dd8cebc8b8c81a12247e89427ff997ad0a9da7b2b1065c12",
                "sha256:eb1bc3f8fef6ba36977108505e90558911e7fbccb4e930805d5dd90891b56ff4",
                "sha256:f2157aaf5718c648eaec9e654a34179ae42ffc363dc3ad058538a4f3ecbd9341",
                "sha256:f31ffe0e38805a0e6410330f78147bb89193b136d7a5f79cae60d3e849b520a6",
                "sha256:f8b10e59c035ff3dcc9791619d6e6c5141e0fa5cbe264e19e267b8d523b210bf"
            ],
            "markers": "python_version >= '3.7'",
            "version": "==1.10.1"
        },
        "pyparsing": {
            "hashes": [
                "sha256:2b020ecf7d21b687f219b71ecad3631f644a47f01403fa1d1036b0c6416d70fb",
                "sha256:5026bae9a10eeaefb61dab2f09052b9f4307d44aee4eda64b309723d8d206bbc"
            ],
            "markers": "python_full_version >= '3.6.8'",
            "version": "==3.0.9"
        },
        "python-dotenv": {
            "hashes": [
                "sha256:b7e3b04a59693c42c36f9ab1cc2acc46fa5df8c78e178fc33a8d4cd05c8d498f",
                "sha256:d92a187be61fe482e4fd675b6d52200e7be63a12b724abbf931a40ce4fa92938"
            ],
            "index": "pypi",
            "version": "==0.20.0"
        },
        "pyyaml": {
            "hashes": [
                "sha256:0283c35a6a9fbf047493e3a0ce8d79ef5030852c51e9d911a27badfde0605293",
                "sha256:055d937d65826939cb044fc8c9b08889e8c743fdc6a32b33e2390f66013e449b",
                "sha256:07751360502caac1c067a8132d150cf3d61339af5691fe9e87803040dbc5db57",
                "sha256:0b4624f379dab24d3725ffde76559cff63d9ec94e1736b556dacdfebe5ab6d4b",
                "sha256:0ce82d761c532fe4ec3f87fc45688bdd3a4c1dc5e0b4a19814b9009a29baefd4",
                "sha256:1e4747bc279b4f613a09eb64bba2ba602d8a6664c6ce6396a4d0cd413a50ce07",
                "sha256:213c60cd50106436cc818accf5baa1aba61c0189ff610f64f4a3e8c6726218ba",
                "sha256:231710d57adfd809ef5d34183b8ed1eeae3f76459c18fb4a0b373ad56bedcdd9",
                "sha256:277a0ef2981ca40581a47093e9e2d13b3f1fbbeffae064c1d21bfceba2030287",
                "sha256:2cd5df3de48857ed0544b34e2d40e9fac445930039f3cfe4bcc592a1f836d513",
                "sha256:40527857252b61eacd1d9af500c3337ba8deb8fc298940291486c465c8b46ec0",
                "sha256:473f9edb243cb1935ab5a084eb238d842fb8f404ed2193a915d1784b5a6b5fc0",
                "sha256:48c346915c114f5fdb3ead70312bd042a953a8ce5c7106d5bfb1a5254e47da92",
                "sha256:50602afada6d6cbfad699b0c7bb50d5ccffa7e46a3d738092afddc1f9758427f",
                "sha256:68fb519c14306fec9720a2a5b45bc9f0c8d1b9c72adf45c37baedfcd949c35a2",
                "sha256:77f396e6ef4c73fdc33a9157446466f1cff553d979bd00ecb64385760c6babdc",
                "sha256:819b3830a1543db06c4d4b865e70ded25be52a2e0631ccd2f6a47a2822f2fd7c",
                "sha256:897b80890765f037df3403d22bab41627ca8811ae55e9a722fd0392850ec4d86",
                "sha256:98c4d36e99714e55cfbaaee6dd5badbc9a1ec339ebfc3b1f52e293aee6bb71a4",
                "sha256:9df7ed3b3d2e0ecfe09e14741b857df43adb5a3ddadc919a2d94fbdf78fea53c",
                "sha256:9fa600030013c4de8165339db93d182b9431076eb98eb40ee068700c9c813e34",
                "sha256:a80a78046a72361de73f8f395f1f1e49f956c6be882eed58505a15f3e430962b",
                "sha256:b3d267842bf12586ba6c734f89d1f5b871df0273157918b0ccefa29deb05c21c",
                "sha256:b5b9eccad747aabaaffbc6064800670f0c297e52c12754eb1d976c57e4f74dcb",
                "sha256:c5687b8d43cf58545ade1fe3e055f70eac7a5a1a0bf42824308d868289a95737",
                "sha256:cba8c411ef271aa037d7357a2bc8f9ee8b58b9965831d9e51baf703280dc73d3",
                "sha256:d15a181d1ecd0d4270dc32edb46f7cb7733c7c508857278d3d378d14d606db2d",
                "sha256:d4db7c7aef085872ef65a8fd7d6d09a14ae91f691dec3e87ee5ee0539d516f53",
                "sha256:d4eccecf9adf6fbcc6861a38015c2a64f38b9d94838ac1810a9023a0609e1b78",
                "sha256:d67d839ede4ed1b28a4e8909735fc992a923cdb84e618544973d7dfc71540803",
                "sha256:daf496c58a8c52083df09b80c860005194014c3698698d1a57cbcfa182142a3a",
                "sha256:e61ceaab6f49fb8bdfaa0f92c4b57bcfbea54c09277b1b4f7ac376bfb7a7c174",
                "sha256:f84fbc98b019fef2ee9a1cb3ce93e3187a6df0b2538a651bfb890254ba9f90b5"
            ],
            "markers": "python_version >= '3.6'",
            "version": "==6.0"
        },
        "regex": {
            "hashes": [
                "sha256:02b6dc102123f5178796dcdb5a90f6e88895607fd1a1d115d8de1af8161ca2b4",
                "sha256:0843cc977b9cc00eb2299b624db6481d25e7f5b093f7a7c2bb727028d4a26eda",
                "sha256:085ca3dc9360c0210e0a70e5d34d66454a06077644e7679fef6358b1f053e62e",
                "sha256:0a9d5a64e974bc5f160f30f76aaf993d49eeddb405676be6bf76a5a2c131e185",
                "sha256:0de0ce11c0835e1117eacbfe8fa6fa98dc0e8e746b486735cb0fdebe46a02222",
                "sha256:1418d3506a9582b23a27373f125ea2b0da523c581e7cf678a6f036254d134faa",
                "sha256:14750172c0a616140a8f496dfef28ed24080e87d06d5838e008f959ad307a8c5",
                "sha256:1b6d2c579ffdcbb3d93f63b6a7f697364594e1c1b6856958b3e61e3ca22c140a",
                "sha256:1df31eaf147ecff3665ba861acb8f78221cd5501df072c9151dfa341dd24599f",
                "sha256:21b6f939916aa61beea56393ebc8a9999060632ac22b8193c2cb67d6fd7cb2c3",
                "sha256:2240fce3af236e4586a045c1be8bbf16c4f8831e68b7df918b72fc31a80143be",
                "sha256:242f546fc5e49bb7395624ac3b4fc168bf454e11ace9804c58c4c3a90d84e38f",
                "sha256:25bffa248b99b53a61b1f20fc7d19f711e38e9f0bc90d44c26670f8dc282ad7d",
                "sha256:2ada67e02fa3fcca9e3b90cf24c2c6bc77f0abc126209937956aea10eeba40c7",
                "sha256:2c198921afc811bc0f105c6e5150fbdebf9520c9b7d43cfc0ab156ca97f506d7",
                "sha256:370b1d7aed26e29915c3fb3e72e327f194824a76cedb60c0b9f6c6af53e89d72",
                "sha256:3aafbbf5076f2a48bcf31ceb42b410323daaa0ddb42544640592957bc906ace6",
                "sha256:3d3d769b3d485b28d6a591b46723dbacc696e6503f48a3ef52e6fc2c90edb482",
                "sha256:3d83fd6dd4263595d0e4f595d4abd54397cbed52c0147f7dd148a7b72910301e",
                "sha256:45cb798095b886e4df6ff4a1f7661eb70620ccdef127e3c3e00a1aaa22d30e53",
                "sha256:4bd9443f7ff6e6288dd4496215c5d903f851e55cbc09d5963587af0c6d565a0a",
                "sha256:4bdfd016ab12c4075ef93f025b3cf4c8962b9b7a5e52bb7039ab64cb7755930c",
                "sha256:4c6554073e3e554fbb3dff88376ada3da32ca789ea1b9e381f684d49ddb61199",
                "sha256:4dad9d68574e93e1e23be53b4ecfb0f083bd5cc08cc7f1984a4ee3ebf12aa446",
                "sha256:4e12a3c2d4781ee5d03f229c940934fa1e4ea4f4995e68ab97a2815b139e0804",
                "sha256:53c9eca0d6070a8a3de42182ad26daf90ba12132eb74a2f45702332762aff84e",
                "sha256:5910bb355f9517309f77101238dbacb7151ede3434a2f1fad26ecc62f13d8324",
                "sha256:5c77eab46f3a2b2cd8bbe06467df783543bf7396df431eb4a144cc4b89e9fb3c",
                "sha256:5d541bc430a74c787684d1ebcd205a5212a88c3de73848143e77489b2c25b911",
                "sha256:5e7c8f9f8824143c219dd93cdc733c20d2c12f154034c89bcb4911db8e45bd92",
                "sha256:5f14430535645712f546f1e07013507d1cc0c8abd851811dacce8c7fb584bf52",
                "sha256:6059ae91667932d256d9dc03abd3512ebcade322b3a42d1b8354bd1db7f66dcc",
                "sha256:61f6966371fa1cbf26c6209771a02bef80336cdaca0c0af4dfa33d51019c0b93",
                "sha256:62d56a9d3c1e5a83076db4da060dad7ea35ac2f3cbd3c53ba5a51fe0caedb500",
                "sha256:634f090a388351eadf1dcc1d168a190718fb68efb4b8fdc1b119cf837ca01905",
                "sha256:64ecfcc386420192fbe98fdde777d993f7f2dfec9552e4f4024d3447d3a3e637",
                "sha256:6af38997f178889d417851bae8fb5c00448f7405cfcab38734d771f1dd5d5973",
                "sha256:6b30c8d299ba48ee919064628fd8bc296bdc6e4827d315491bea39437130d3e1",
                "sha256:6f0c8807bac16984901c0573725bad786f2f004f9bd5df8476c6431097b6c5b3",
                "sha256:6f62c8a59f6b8e608880c61b138ae22668184bc266b025d33200dcf2cebe0872",
                "sha256:74d4aabd612d32282f3cb3ebb4436046fb840d25c754157a755bc9f66e7cd307",
                "sha256:7658d2dfc1dabfb008ffe12ae47b98559e2aedd8237bee12f5aafb74d90479e3",
                "sha256:777ceea2860a48e9e362a4e2a9a691782ea97bd05c24627c92e876fdd2c22e61",
                "sha256:79f34d5833cd0d53ecf48bc030e4da3216bd4846224d17eeb64509be5cb098fd",
                "sha256:7a52d547259495a53e61e37ffc6d5cecf8d298aeb1bc0d9b25289d65ddb31183",
                "sha256:840063aa8eeb1dda07d7d7dee15648838bffef1d415f5f79061854a182a429aa",
                "sha256:8e8ec94d1b1a0a297c2c69a0bf000baf9a79607ca0c084f577f811a9b447c319",
                "sha256:95fb62a3980cf43e76c2fe95edab06ec70dc495b8aa660975eb9f0b2ffdae1e1",
                "sha256:9668da78bcc219542467f51c2cd01894222be6aceec4b5efb806705900b794d8",
                "sha256:99a7c5786de9e92ff5ffee2e8bed745f5d25495206f3f14656c379031e518334",
                "sha256:a1e283ad918df44bad3ccf042c2fe283c63d17617570eb91b8c370ef677b0b83",
                "sha256:a25d251546acb5edb1635631c4ae0e330fa4ec7c6316c01d256728fbfb9bbff2",
                "sha256:abe1adb32e2535aaa171e8b2b2d3f083f863c9974a3e6e7dae6bf4827fc8b983",
                "sha256:ae85112da2d826b65aa7c7369c56ca41d9a89644312172979cbee5cf788e0b09",
                "sha256:b3379a83dc63fe06538c751961f9ed730b5d7f08f96a57bbad8d52db5820df1f",
                "sha256:b3c7c6c4aac19b964c1d12784aecae7f0315314640b0f41dd6f0d4e2bf439072",
                "sha256:b7ddecc80e87acf12c2cf12bf3721def47188c403f04e706f104b5e71fed2f31",
                "sha256:bbaf6785d3f1cd3e617b9d0fb3c5528023ef7bc7cc1356234801dc1941df8ce9",
                "sha256:be6f5b453f7ed2219a9555bb6840663950b9ab1dc034216f68eac64db66633c2",
                "sha256:c2b6404631b22617b5127c6de2355393ccda693ca733a098b6802e7dabb3457a",
                "sha256:c4f6609f6e867a58cdf173e1cbe1f3736d25962108bd5cb01ad5a130875ff2c8",
                "sha256:c76dd2c0615a28de21c97f9f6862e84faef58ff4d700196b4e395ef6a52291e4",
                "sha256:c78c72f7878071a78337510ec78ab856d60b4bdcd3a95fd68b939e7cb30434b3",
                "sha256:cb0c9a1476d279524538ba9a00ecec9eadcef31a6a60b2c8bd2f29f62044a559",
                "sha256:ccb986e80674c929f198464bce55e995178dea26833421e2479ff04a6956afac",
                "sha256:cfa62063c5eafb04e4435459ce15746b4ae6c14efeae8f16bd0e3d2895dad698",
                "sha256:d13bd83284b46c304eb10de93f8a3f2c80361f91f4e8a4e1273caf83e16c4409",
                "sha256:d76e585368388d99ddd2f95989e6ac80a8fe23115e93931faad99fa34550612f",
                "sha256:dc32029b9cc784a529f9201289d4f841cc24a2ae3126a112cd467bc41bbc2f10",
                "sha256:e0b55651db770b4b5a6c7d015f24d1a6ede307296bbdf0c47fc5f6a6adc7abee",
                "sha256:e37886929ee83a5fa5c73164abada00e7f3cc1cbf3f8f6e1e8cfecae9d6cfc47",
                "sha256:f7b88bc7306136b123fd1a9beed16ca02900ee31d1c36e73fa33d9e525a5562d",
                "sha256:fac611bde2609a46fcbd92da7171286faa2f5c191f84d22f61cd7dc27213f51d",
                "sha256:fafed60103132e74cdfbd651abe94801eb87a9765ce275b3dca9af8f3e06622a"
            ],
            "markers": "python_version >= '3.6'",
            "version": "==2022.8.17"
        },
        "requests": {
            "hashes": [
                "sha256:7c5599b102feddaa661c826c56ab4fee28bfd17f5abca1ebbe3e7f19d7c97983",
                "sha256:8fefa2a1a1365bf5520aac41836fbee479da67864514bdb821f31ce07ce65349"
            ],
            "markers": "python_version >= '3.7' and python_version < '4'",
            "version": "==2.28.1"
        },
        "sentencepiece": {
            "hashes": [
                "sha256:09e1bc53178de70c557a9ba4fece07364b4416ce3d36570726b3372b68aea135",
                "sha256:1706a8a8188f7b3d4b7922db9bb00c64c4e16ee68ab4caaae79f55b3e18748c7",
                "sha256:1c27400f1ac46518a01c87cb7703650e4e48728649feb115d2e3f1102a946a42",
                "sha256:205050670c53ef9015e2a98cce3934bfbcf0aafaa14caa0c618dd5667bc217ee",
                "sha256:24306fd86031c17a1a6ae92671e76a350390a3140a65620bc2843dad7db24e2a",
                "sha256:2780531985af79c6163f63d4f200fec8a28b70b6768d2c19f70d01568a4524e8",
                "sha256:28b183dadef8e8b6b4645c1c20692d7be0a13ecc3ec1a07b3885c8905516675f",
                "sha256:35c227b6d55e473033db7e0ecc51b1e99e6ed7607cc08602fb5768132543c81d",
                "sha256:4ad7262e7530c683b186672b5dd0082f82719a50a500a8cfbc4bbd7cde5bff8c",
                "sha256:5137ff0d0b1cc574751d178650ef800ff8d90bf21eb9f71e9567d4a0548940a5",
                "sha256:542f1985b1ee279a92bef7740ec0781452372028ce01e15aa88df3228b197ba3",
                "sha256:620cee35279720016735a7c7103cddbd9b84fe5e2f098bd5e673834d69fee2b8",
                "sha256:667193c57fb48b238be7e3d7636cfc8da56cb5bac5559d8f0b647334e1175be8",
                "sha256:6f249c8f1852893be86eae66b19d522c5fb30bbad4fe2d1b07f06fdc86e1907e",
                "sha256:753b8088fd685ee787d9f54c84275ab347de558c7c4ebc6accb4c35bf7776f20",
                "sha256:7d643c01d1cad13b9206a276bbe5bc1a468e3d7cf6a26bde7783f945277f859d",
                "sha256:91a19ab6f40ffbae6d6127119953d2c6a85e93d734953dbc8629fde0d21ace66",
                "sha256:923ee4af16dbae1f2ab358ed09f8a0eb89e40a8198a8b343bf54181482342721",
                "sha256:93701da21fea906dd244bf88cdbe640385a89c45d3c1812b76dbadf8782cdbcd",
                "sha256:93b921b59914c0ec6697e8c6d5e6b44d99d1298fb1a0af56980a79ade0540c19",
                "sha256:9b9a4c44a31d5f47616e9568dcf31e029b0bfa776e0a252c0b59247881598b09",
                "sha256:a51514047b964047b7fadb480d88a5e0f72c02f6ca1ba96258fbbc6e79274a94",
                "sha256:a78c03800ef9f02d320e0159f5768b15357f3e9ebea545c9c4ba7928ba8ba254",
                "sha256:ac3d90aee5581e55d029d124ac11b6ae2fbae0817863b664b2f2302e966ababb",
                "sha256:ba1b4154f9144c5a7528b00aff5cffaa1a896a1c6ca53ca78b6e74cd2dae5244",
                "sha256:bae580e4a35a9314ff49561ac7c06574fe6afc71b821ed6bb00534e571458156",
                "sha256:c6641d0b7acec61fde5881ea6ebe098c169557ac9aa3bdabdf124eab5a5592bb",
                "sha256:c6e12a166eba75994ca749aadc4a5056b91b31405f805d6de6e8914cc9741c60",
                "sha256:c901305e0a710bbcd296f66d79e96f744e6e175b29812bd5178318437d4e1f6c",
                "sha256:ce61efc1862ccb18856c4aabbd930e13d5bfbb4b09b4f111081ac53a9dc62275",
                "sha256:e3ae2e9b7a5b6f2aa64ec9240b0c185dabe597d0e787dc4344acfbaef1ffe0b2",
                "sha256:ed85dff5c0a9b3dd1a414c7e1119f2a19e863fc3f81da525bf7f885ebc883de0",
                "sha256:ee3c9dbd558d8d85bb1617087b86df6ea2b856a528669630ce6cedeb4353b823",
                "sha256:f31533cdacced56219e239d3459a003ece35116920dd64b2309d4ad047b77644",
                "sha256:f7dc55379e2f7dee86537180283db2e5f8418c6825fdd2fe436c724eb5604c05",
                "sha256:f92876271a10494671431ad955bff2d6f8ea59baaf957f5ae5946aff56dfcb90",
                "sha256:fa6f2b88850b5fae3a05053658824cf9f147c8e3c3b40eb64539a976c83d8a24"
            ],
            "index": "pypi",
            "version": "==0.1.97"
        },
        "sniffio": {
            "hashes": [
                "sha256:e60305c5e5d314f5389259b7f22aaa33d8f7dee49763119234af3755c55b9101",
                "sha256:eecefdce1e5bbfb7ad2eeaabf7c1eeb404d7757c379bd1f7e5cce9d8bf425384"
            ],
            "markers": "python_version >= '3.7'",
            "version": "==1.3.0"
        },
        "starlette": {
            "hashes": [
                "sha256:5a60c5c2d051f3a8eb546136aa0c9399773a689595e099e0877704d5888279bf",
                "sha256:c6d21096774ecb9639acad41b86b7706e52ba3bf1dc13ea4ed9ad593d47e24c7"
            ],
            "markers": "python_version >= '3.6'",
            "version": "==0.19.1"
        },
        "tokenizers": {
            "hashes": [
                "sha256:01abe6fbfe55e4131ca0c4c3d1a9d7ef5df424a8d536e998d2a4fc0bc57935f4",
                "sha256:070746f86efa6c873db341e55cf17bb5e7bdd5450330ca8eca542f5c3dab2c66",
                "sha256:0bf2380ad59c50222959a9b6f231339200a826fc5cb2be09ff96d8a59f65fc5e",
                "sha256:2158baf80cbc09259bfd6e0e0fc4597b611e7a72ad5443dad63918a90f1dd304",
                "sha256:230f51a0a82ca7b90077eaca2415f12ff9bd144607888b9c50c2ee543452322e",
                "sha256:258873634406bd1d438c799993a5e44bbc0132ff055985c03c4fe30f702e9a33",
                "sha256:27d93b712aa2d4346aa506ecd4ec9e94edeebeaf2d484357b482cdeffc02b5f5",
                "sha256:28825dade9e52ad464164020758f9d49eb7251c32b6ae146601c506a23c67c0e",
                "sha256:38625595b2fd37bfcce64ff9bfb6868c07e9a7b7f205c909d94a615ce9472287",
                "sha256:3f2647cc256d6a53d18b9dcd71d377828e9f8991fbcbd6fcd8ca2ceb174552b0",
                "sha256:411ebc89228f30218ffa9d9c49d414864b0df5026a47c24820431821c4360460",
                "sha256:419d113e3bcc4fe20a313afc47af81e62906306b08fe1601e1443d747d46af1f",
                "sha256:5188e13fc09edfe05712ca3ae5a44e7f2b0137927b1ca210d0fad90d3e58315a",
                "sha256:53b5f4012ce3ffddd5b00827441b80dc7a0f6b41f4fc5248ae6d36e7d3920c6d",
                "sha256:619728df2551bdfe6f96ff177f9ded958e7ed9e2af94c8d5ac2834d1eb06d112",
                "sha256:62a723bd4b18bc55121f5c34cd8efd6c651f2d3b81f81dd50e5351fb65b8a617",
                "sha256:664f36f0a0d409c24f2201d495161fec4d8bc93e091fbb78814eb426f29905a3",
                "sha256:6a38b2019d4807d42afeff603a119094ee00f63bea2921136524c8814e9003f8",
                "sha256:6a7a106d04154c2159db6cd7d042af2e2e0e53aee432f872fe6c8be45100436a",
                "sha256:7c5c54080a7d5c89c990e0d478e0882dbac88926d43323a3aa236492a3c9455f",
                "sha256:7d43de14b4469b57490dbaf136a31c266cb676fa22320f01f230af9219ae9034",
                "sha256:7f4cb68dc538b52240d1986d2034eb0a6373be2ab5f0787d1be3ad1444ce71b7",
                "sha256:8cea98f3f9577d1541b7bb0f7a3308a911751067e1d83e01485c9d3411bbf087",
                "sha256:8d4339c376b695de2ad8ccaebffa75e4dc1d7857be1103d80e7925b34af8cf78",
                "sha256:91906d725cb84d8ee71ce05fbb155d39d494849622b4f9349e5176a8eb01c49b",
                "sha256:ae6c04b629ac2cd2f695739988cb70b9bd8d5e7f849f5b14c4510e942bee5770",
                "sha256:b9779944559cb7ace6a8516e402895f239b0d9d3c833c67dbaec496310e7e206",
                "sha256:bdbca79726fe883c696088ea163715b2f902aec638a8e24bcf9790ff8fa45019",
                "sha256:cdeba37c2fb44e1aec8a72af4cb369655b59ba313181b1b4b8183f08e759c49c",
                "sha256:d737df0f8f26e093a82bfb106b6cfb510a0e9302d35834568e5b20b73ddc5a9c",
                "sha256:eff5ff411f18a201eec137b7b32fcb55e0c48b372d370bd24f965f5bad471fa4",
                "sha256:f1271224acafb27639c432e1ce4e7d38eab40305ba1c546e871d5c8a32f4f195",
                "sha256:fde8dccb9033fa344ffce3ee1837939a50e7a210a768f1cf2059beeafa755481"
            ],
            "version": "==0.12.1"
        },
        "tqdm": {
            "hashes": [
                "sha256:40be55d30e200777a307a7585aee69e4eabb46b4ec6a4b4a5f2d9f11e7d5408d",
                "sha256:74a2cdefe14d11442cedf3ba4e21a3b84ff9a2dbdc6cfae2c34addb2a14a5ea6"
            ],
            "markers": "python_version >= '2.7' and python_version not in '3.0, 3.1, 3.2, 3.3'",
            "version": "==4.64.0"
        },
        "transformers": {
            "hashes": [
                "sha256:07f3df80144f7f032ad5d367507445980d4aa25855a5d658cfa47ac5fff32aca",
                "sha256:c03c150857e2d8f18f6dcb51e3061207522425ad57a0a6dc6cde407226a45e3e"
            ],
            "index": "pypi",
            "version": "==4.21.2"
        },
        "typing-extensions": {
            "hashes": [
                "sha256:25642c956049920a5aa49edcdd6ab1e06d7e5d467fc00e0506c44ac86fbfca02",
                "sha256:e6d2677a32f47fc7eb2795db1dd15c1f34eff616bcaf2cfb5e997f854fa1c4a6"
            ],
            "markers": "python_version >= '3.7'",
            "version": "==4.3.0"
        },
        "urllib3": {
            "hashes": [
                "sha256:3fa96cf423e6987997fc326ae8df396db2a8b7c667747d47ddd8ecba91f4a74e",
                "sha256:b930dd878d5a8afb066a637fbb35144fe7901e3b209d1cd4f524bd0e9deee997"
            ],
            "markers": "python_version >= '2.7' and python_version not in '3.0, 3.1, 3.2, 3.3, 3.4, 3.5' and python_version < '4'",
            "version": "==1.26.12"
        },
        "uvicorn": {
            "hashes": [
                "sha256:0abd429ebb41e604ed8d2be6c60530de3408f250e8d2d84967d85ba9e86fe3af",
                "sha256:9a66e7c42a2a95222f76ec24a4b754c158261c4696e683b9dadc72b590e0311b"
            ],
            "index": "pypi",
            "version": "==0.18.3"
        }
    },
    "develop": {}
}
